{
  "_comment": "Pins the Civic Access Protocol constitution this implementation was last verified against. The drift-check workflow (.github/workflows/constitution-sync.yml) compares the upstream file's git blob SHA to `blob_sha` below and opens an issue if they differ. When that happens: re-review COMPLIANCE.md against the new text (revisions 'must strengthen, not weaken'), then update blob_sha, sha256, commit_at_verification, version_tag, and verified_date here. `ref` stays on the moving branch (main) on purpose, so a future revision is detected; `version_tag` records which tagged version the current blob corresponds to.",
  "source": {
    "repo": "JCrossman/the-open-state",
    "path": "CONSTITUTION.md",
    "ref": "main",
    "url": "https://github.com/JCrossman/the-open-state/blob/main/CONSTITUTION.md",
    "private": false
  },
  "blob_sha": "e63277e4609904fc3534b6965048750805aa0ec8",
  "sha256": "644ad97c330b0766bcccd6b4540b22267827ec9d4088e62346a58deff3611ba0",
  "commit_at_verification": "10d0f1a9e7bce6837e1720719b475e3e4fe7b8aa",
  "version_tag": "constitution-v1.1",
  "articles_reviewed": "1-10",
  "verified_date": "2026-06-12",
  "compliance_doc": "COMPLIANCE.md"
}
